// !$*UTF8*$!
{
	archiveVersion = 1;
	classes = {
	};
	objectVersion = 56;
	objects = {

/* Begin PBXBuildFile section */
		FB17832E2A0E812800E429B9 /* AppDelegate.swift in Sources */ = {isa = PBXBuildFile; fileRef = FB17832D2A0E812800E429B9 /* AppDelegate.swift */; };
		FB1783302A0E812800E429B9 /* SceneDelegate.swift in Sources */ = {isa = PBXBuildFile; fileRef = FB17832F2A0E812800E429B9 /* SceneDelegate.swift */; };
		FB1783322A0E812800E429B9 /* ViewController.swift in Sources */ = {isa = PBXBuildFile; fileRef = FB1783312A0E812800E429B9 /* ViewController.swift */; };
		FB1783352A0E812800E429B9 /* Main.storyboard in Resources */ = {isa = PBXBuildFile; fileRef = FB1783332A0E812800E429B9 /* Main.storyboard */; };
		FB1783382A0E812800E429B9 /* Veritaban_ArtBookProject.xcdatamodeld in Sources */ = {isa = PBXBuildFile; fileRef = FB1783362A0E812800E429B9 /* Veritaban_ArtBookProject.xcdatamodeld */; };
		FB17833A2A0E812900E429B9 /* Assets.xcassets in Resources */ = {isa = PBXBuildFile; fileRef = FB1783392A0E812900E429B9 /* Assets.xcassets */; };
		FB17833D2A0E812900E429B9 /* LaunchScreen.storyboard in Resources */ = {isa = PBXBuildFile; fileRef = FB17833B2A0E812900E429B9 /* LaunchScreen.storyboard */; };
		FB1783452A0E832400E429B9 /* DetailsVC.swift in Sources */ = {isa = PBXBuildFile; fileRef = FB1783442A0E832400E429B9 /* DetailsVC.swift */; };
/* End PBXBuildFile section */

/* Begin PBXFileReference section */
		FB17832A2A0E812800E429B9 /* VeritabanıArtBookProject.app */ = {isa = PBXFileReference; explicitFileType = wrapper.application; includeInIndex = 0; path = "VeritabanıArtBookProject.app"; sourceTree = BUILT_PRODUCTS_DIR; };
		FB17832D2A0E812800E429B9 /* AppDelegate.swift */ = {isa = PBXFileReference; lastKnownFileType = sourcecode.swift; path = AppDelegate.swift; sourceTree = "<group>"; };
		FB17832F2A0E812800E429B9 /* SceneDelegate.swift */ = {isa = PBXFileReference; lastKnownFileType = sourcecode.swift; path = SceneDelegate.swift; sourceTree = "<group>"; };
		FB1783312A0E812800E429B9 /* ViewController.swift */ = {isa = PBXFileReference; lastKnownFileType = sourcecode.swift; path = ViewController.swift; sourceTree = "<group>"; };
		FB1783342A0E812800E429B9 /* Base */ = {isa = PBXFileReference; lastKnownFileType = file.storyboard; name = Base; path = Base.lproj/Main.storyboard; sourceTree = "<group>"; };
		FB1783372A0E812800E429B9 /* Veritaban_ArtBookProject.xcdatamodel */ = {isa = PBXFileReference; lastKnownFileType = wrapper.xcdatamodel; path = Veritaban_ArtBookProject.xcdatamodel; sourceTree = "<group>"; };
		FB1783392A0E812900E429B9 /* Assets.xcassets */ = {isa = PBXFileReference; lastKnownFileType = folder.assetcatalog; path = Assets.xcassets; sourceTree = "<group>"; };
		FB17833C2A0E812900E429B9 /* Base */ = {isa = PBXFileReference; lastKnownFileType = file.storyboard; name = Base; path = Base.lproj/LaunchScreen.storyboard; sourceTree = "<group>"; };
		FB17833E2A0E812900E429B9 /* Info.plist */ = {isa = PBXFileReference; lastKnownFileType = text.plist.xml; path = Info.plist; sourceTree = "<group>"; };
		FB1783442A0E832400E429B9 /* DetailsVC.swift */ = {isa = PBXFileReference; lastKnownFileType = sourcecode.swift; path = DetailsVC.swift; sourceTree = "<group>"; };
/* End PBXFileReference section */

/* Begin PBXFrameworksBuildPhase section */
		FB1783272A0E812800E429B9 /* Frameworks */ = {
			isa = PBXFrameworksBuildPhase;
			buildActionMask = 2147483647;
			files = (
			);
			runOnlyForDeploymentPostprocessing = 0;
		};
/* End PBXFrameworksBuildPhase section */

/* Begin PBXGroup section */
		FB1783212A0E812800E429B9 = {
			isa = PBXGroup;
			children = (
				FB17832C2A0E812800E429B9 /* VeritabanıArtBookProject */,
				FB17832B2A0E812800E429B9 /* Products */,
			);
			sourceTree = "<group>";
		};
		FB17832B2A0E812800E429B9 /* Products */ = {
			isa = PBXGroup;
			children = (
				FB17832A2A0E812800E429B9 /* VeritabanıArtBookProject.app */,
			);
			name = Products;
			sourceTree = "<group>";
		};
		FB17832C2A0E812800E429B9 /* VeritabanıArtBookProject */ = {
			isa = PBXGroup;
			children = (
				FB17832D2A0E812800E429B9 /* AppDelegate.swift */,
				FB17832F2A0E812800E429B9 /* SceneDelegate.swift */,
				FB1783312A0E812800E429B9 /* ViewController.swift */,
				FB1783442A0E832400E429B9 /* DetailsVC.swift */,
				FB1783332A0E812800E429B9 /* Main.storyboard */,
				FB1783392A0E812900E429B9 /* Assets.xcassets */,
				FB17833B2A0E812900E429B9 /* LaunchScreen.storyboard */,
				FB17833E2A0E812900E429B9 /* Info.plist */,
				FB1783362A0E812800E429B9 /* Veritaban_ArtBookProject.xcdatamodeld */,
			);
			path = "VeritabanıArtBookProject";
			sourceTree = "<group>";
		};
/* End PBXGroup section */

/* Begin PBXNativeTarget section */
		FB1783292A0E812800E429B9 /* VeritabanıArtBookProject */ = {
			isa = PBXNativeTarget;
			buildConfigurationList = FB1783412A0E812900E429B9 /* Build configuration list for PBXNativeTarget "VeritabanıArtBookProject" */;
			buildPhases = (
				FB1783262A0E812800E429B9 /* Sources */,
				FB1783272A0E812800E429B9 /* Frameworks */,
				FB1783282A0E812800E429B9 /* Resources */,
			);
			buildRules = (
			);
			dependencies = (
			);
			name = "VeritabanıArtBookProject";
			productName = "VeritabanıArtBookProject";
			productReference = FB17832A2A0E812800E429B9 /* VeritabanıArtBookProject.app */;
			productType = "com.apple.product-type.application";
		};
/* End PBXNativeTarget section */

/* Begin PBXProject section */
		FB1783222A0E812800E429B9 /* Project object */ = {
			isa = PBXProject;
			attributes = {
				BuildIndependentTargetsInParallel = 1;
				LastSwiftUpdateCheck = 1430;
				LastUpgradeCheck = 1430;
				TargetAttributes = {
					FB1783292A0E812800E429B9 = {
						CreatedOnToolsVersion = 14.3;
					};
				};
			};
			buildConfigurationList = FB1783252A0E812800E429B9 /* Build configuration list for PBXProject "VeritabanıArtBookProject" */;
			compatibilityVersion = "Xcode 14.0";
			developmentRegion = en;
			hasScannedForEncodings = 0;
			knownRegions = (
				en,
				Base,
			);
			mainGroup = FB1783212A0E812800E429B9;
			productRefGroup = FB17832B2A0E812800E429B9 /* Products */;
			projectDirPath = "";
			projectRoot = "";
			targets = (
				FB1783292A0E812800E429B9 /* VeritabanıArtBookProject */,
			);
		};
/* End PBXProject section */

/* Begin PBXResourcesBuildPhase section */
		FB1783282A0E812800E429B9 /* Resources */ = {
			isa = PBXResourcesBuildPhase;
			buildActionMask = 2147483647;
			files = (
				FB17833D2A0E812900E429B9 /* LaunchScreen.storyboard in Resources */,
				FB17833A2A0E812900E429B9 /* Assets.xcassets in Resources */,
				FB1783352A0E812800E429B9 /* Main.storyboard in Resources */,
			);
			runOnlyForDeploymentPostprocessing = 0;
		};
/* End PBXResourcesBuildPhase section */

/* Begin PBXSourcesBuildPhase section */
		FB1783262A0E812800E429B9 /* Sources */ = {
			isa = PBXSourcesBuildPhase;
			buildActionMask = 2147483647;
			files = (
				FB1783322A0E812800E429B9 /* ViewController.swift in Sources */,
				FB1783382A0E812800E429B9 /* Veritaban_ArtBookProject.xcdatamodeld in Sources */,
				FB17832E2A0E812800E429B9 /* AppDelegate.swift in Sources */,
				FB1783302A0E812800E429B9 /* SceneDelegate.swift in Sources */,
				FB1783452A0E832400E429B9 /* DetailsVC.swift in Sources */,
			);
			runOnlyForDeploymentPostprocessing = 0;
		};
/* End PBXSourcesBuildPhase section */

/* Begin PBXVariantGroup section */
		FB1783332A0E812800E429B9 /* Main.storyboard */ = {
			isa = PBXVariantGroup;
			children = (
				FB1783342A0E812800E429B9 /* Base */,
			);
			name = Main.storyboard;
			sourceTree = "<group>";
		};
		FB17833B2A0E812900E429B9 /* LaunchScreen.storyboard */ = {
			isa = PBXVariantGroup;
			children = (
				FB17833C2A0E812900E429B9 /* Base */,
			);
			name = LaunchScreen.storyboard;
			sourceTree = "<group>";
		};
/* End PBXVariantGroup section */

/* Begin XCBuildConfiguration section */
		FB17833F2A0E812900E429B9 /* Debug */ = {
			isa = XCBuildConfiguration;
			buildSettings = {
				ALWAYS_SEARCH_USER_PATHS = NO;
				CLANG_ANALYZER_NONNULL = YES;
				CLANG_ANALYZER_NUMBER_OBJECT_CONVERSION = YES_AGGRESSIVE;
				CLANG_CXX_LANGUAGE_STANDARD = "gnu++20";
				CLANG_ENABLE_MODULES = YES;
				CLANG_ENABLE_OBJC_ARC = YES;
				CLANG_ENABLE_OBJC_WEAK = YES;
				CLANG_WARN_BLOCK_CAPTURE_AUTORELEASING = YES;
				CLANG_WARN_BOOL_CONVERSION = YES;
				CLANG_WARN_COMMA = YES;
				CLANG_WARN_CONSTANT_CONVERSION = YES;
				CLANG_WARN_DEPRECATED_OBJC_IMPLEMENTATIONS = YES;
				CLANG_WARN_DIRECT_OBJC_ISA_USAGE = YES_ERROR;
				CLANG_WARN_DOCUMENTATION_COMMENTS = YES;
				CLANG_WARN_EMPTY_BODY = YES;
				CLANG_WARN_ENUM_CONVERSION = YES;
				CLANG_WARN_INFINITE_RECURSION = YES;
				CLANG_WARN_INT_CONVERSION = YES;
				CLANG_WARN_NON_LITERAL_NULL_CONVERSION = YES;
				CLANG_WARN_OBJC_IMPLICIT_RETAIN_SELF = YES;
				CLANG_WARN_OBJC_LITERAL_CONVERSION = YES;
				CLANG_WARN_OBJC_ROOT_CLASS = YES_ERROR;
				CLANG_WARN_QUOTED_INCLUDE_IN_FRAMEWORK_HEADER = YES;
				CLANG_WARN_RANGE_LOOP_ANALYSIS = YES;
				CLANG_WARN_STRICT_PROTOTYPES = YES;
				CLANG_WARN_SUSPICIOUS_MOVE = YES;
				CLANG_WARN_UNGUARDED_AVAILABILITY = YES_AGGRESSIVE;
				CLANG_WARN_UNREACHABLE_CODE = YES;
				CLANG_WARN__DUPLICATE_METHOD_MATCH = YES;
				COPY_PHASE_STRIP = NO;
				DEBUG_INFORMATION_FORMAT = dwarf;
				ENABLE_STRICT_OBJC_MSGSEND = YES;
				ENABLE_TESTABILITY = YES;
				GCC_C_LANGUAGE_STANDARD = gnu11;
				GCC_DYNAMIC_NO_PIC = NO;
				GCC_NO_COMMON_BLOCKS = YES;
				GCC_OPTIMIZATION_LEVEL = 0;
				GCC_PREPROCESSOR_DEFINITIONS = (
					"DEBUG=1",
					"$(inherited)",
				);
				GCC_WARN_64_TO_32_BIT_CONVERSION = YES;
				GCC_WARN_ABOUT_RETURN_TYPE = YES_ERROR;
				GCC_WARN_UNDECLARED_SELECTOR = YES;
				GCC_WARN_UNINITIALIZED_AUTOS = YES_AGGRESSIVE;
				GCC_WARN_UNUSED_FUNCTION = YES;
				GCC_WARN_UNUSED_VARIABLE = YES;
				IPHONEOS_DEPLOYMENT_TARGET = 16.4;
				MTL_ENABLE_DEBUG_INFO = INCLUDE_SOURCE;
				MTL_FAST_MATH = YES;
				ONLY_ACTIVE_ARCH = YES;
				SDKROOT = iphoneos;
				SWIFT_ACTIVE_COMPILATION_CONDITIONS = DEBUG;
				SWIFT_OPTIMIZATION_LEVEL = "-Onone";
			};
			name = Debug;
		};
		FB1783402A0E812900E429B9 /* Release */ = {
			isa = XCBuildConfiguration;
			buildSettings = {
				ALWAYS_SEARCH_USER_PATHS = NO;
				CLANG_ANALYZER_NONNULL = YES;
				CLANG_ANALYZER_NUMBER_OBJECT_CONVERSION = YES_AGGRESSIVE;
				CLANG_CXX_LANGUAGE_STANDARD = "gnu++20";
				CLANG_ENABLE_MODULES = YES;
				CLANG_ENABLE_OBJC_ARC = YES;
				CLANG_ENABLE_OBJC_WEAK = YES;
				CLANG_WARN_BLOCK_CAPTURE_AUTORELEASING = YES;
				CLANG_WARN_BOOL_CONVERSION = YES;
				CLANG_WARN_COMMA = YES;
				CLANG_WARN_CONSTANT_CONVERSION = YES;
				CLANG_WARN_DEPRECATED_OBJC_IMPLEMENTATIONS = YES;
				CLANG_WARN_DIRECT_OBJC_ISA_USAGE = YES_ERROR;
				CLANG_WARN_DOCUMENTATION_COMMENTS = YES;
				CLANG_WARN_EMPTY_BODY = YES;
				CLANG_WARN_ENUM_CONVERSION = YES;
				CLANG_WARN_INFINITE_RECURSION = YES;
				CLANG_WARN_INT_CONVERSION = YES;
				CLANG_WARN_NON_LITERAL_NULL_CONVERSION = YES;
				CLANG_WARN_OBJC_IMPLICIT_RETAIN_SELF = YES;
				CLANG_WARN_OBJC_LITERAL_CONVERSION = YES;
				CLANG_WARN_OBJC_ROOT_CLASS = YES_ERROR;
				CLANG_WARN_QUOTED_INCLUDE_IN_FRAMEWORK_HEADER = YES;
				CLANG_WARN_RANGE_LOOP_ANALYSIS = YES;
				CLANG_WARN_STRICT_PROTOTYPES = YES;
				CLANG_WARN_SUSPICIOUS_MOVE = YES;
				CLANG_WARN_UNGUARDED_AVAILABILITY = YES_AGGRESSIVE;
				CLANG_WARN_UNREACHABLE_CODE = YES;
				CLANG_WARN__DUPLICATE_METHOD_MATCH = YES;
				COPY_PHASE_STRIP = NO;
				DEBUG_INFORMATION_FORMAT = "dwarf-with-dsym";
				ENABLE_NS_ASSERTIONS = NO;
				ENABLE_STRICT_OBJC_MSGSEND = YES;
				GCC_C_LANGUAGE_STANDARD = gnu11;
				GCC_NO_COMMON_BLOCKS = YES;
				GCC_WARN_64_TO_32_BIT_CONVERSION = YES;
				GCC_WARN_ABOUT_RETURN_TYPE = YES_ERROR;
				GCC_WARN_UNDECLARED_SELECTOR = YES;
				GCC_WARN_UNINITIALIZED_AUTOS = YES_AGGRESSIVE;
				GCC_WARN_UNUSED_FUNCTION = YES;
				GCC_WARN_UNUSED_VARIABLE = YES;
				IPHONEOS_DEPLOYMENT_TARGET = 16.4;
				MTL_ENABLE_DEBUG_INFO = NO;
				MTL_FAST_MATH = YES;
				SDKROOT = iphoneos;
				SWIFT_COMPILATION_MODE = wholemodule;
				SWIFT_OPTIMIZATION_LEVEL = "-O";
				VALIDATE_PRODUCT = YES;
			};
			name = Release;
		};
		FB1783422A0E812900E429B9 /* Debug */ = {
			isa = XCBuildConfiguration;
			buildSettings = {
				ASSETCATALOG_COMPILER_APPICON_NAME = AppIcon;
				ASSETCATALOG_COMPILER_GLOBAL_ACCENT_COLOR_NAME = AccentColor;
				CODE_SIGN_STYLE = Automatic;
				CURRENT_PROJECT_VERSION = 1;
				DEVELOPMENT_TEAM = PMF2KU876W;
				GENERATE_INFOPLIST_FILE = YES;
				INFOPLIST_FILE = "VeritabanıArtBookProject/Info.plist";
				INFOPLIST_KEY_UIApplicationSupportsIndirectInputEvents = YES;
				INFOPLIST_KEY_UILaunchStoryboardName = LaunchScreen;
				INFOPLIST_KEY_UIMainStoryboardFile = Main;
				INFOPLIST_KEY_UISupportedInterfaceOrientations_iPad = "UIInterfaceOrientationPortrait UIInterfaceOrientationPortraitUpsideDown UIInterfaceOrientationLandscapeLeft UIInterfaceOrientationLandscapeRight";
				INFOPLIST_KEY_UISupportedInterfaceOrientations_iPhone = "UIInterfaceOrientationPortrait UIInterfaceOrientationLandscapeLeft UIInterfaceOrientationLandscapeRight";
				LD_RUNPATH_SEARCH_PATHS = (
					"$(inherited)",
					"@executable_path/Frameworks",
				);
				MARKETING_VERSION = 1.0;
				PRODUCT_BUNDLE_IDENTIFIER = "com.mertozan.Veritaban-ArtBookProject";
				PRODUCT_NAME = "$(TARGET_NAME)";
				SWIFT_EMIT_LOC_STRINGS = YES;
				SWIFT_VERSION = 5.0;
				TARGETED_DEVICE_FAMILY = "1,2";
			};
			name = Debug;
		};
		FB1783432A0E812900E429B9 /* Release */ = {
			isa = XCBuildConfiguration;
			buildSettings = {
				ASSETCATALOG_COMPILER_APPICON_NAME = AppIcon;
				ASSETCATALOG_COMPILER_GLOBAL_ACCENT_COLOR_NAME = AccentColor;
				CODE_SIGN_STYLE = Automatic;
				CURRENT_PROJECT_VERSION = 1;
				DEVELOPMENT_TEAM = PMF2KU876W;
				GENERATE_INFOPLIST_FILE = YES;
				INFOPLIST_FILE = "VeritabanıArtBookProject/Info.plist";
				INFOPLIST_KEY_UIApplicationSupportsIndirectInputEvents = YES;
				INFOPLIST_KEY_UILaunchStoryboardName = LaunchScreen;
				INFOPLIST_KEY_UIMainStoryboardFile = Main;
				INFOPLIST_KEY_UISupportedInterfaceOrientations_iPad = "UIInterfaceOrientationPortrait UIInterfaceOrientationPortraitUpsideDown UIInterfaceOrientationLandscapeLeft UIInterfaceOrientationLandscapeRight";
				INFOPLIST_KEY_UISupportedInterfaceOrientations_iPhone = "UIInterfaceOrientationPortrait UIInterfaceOrientationLandscapeLeft UIInterfaceOrientationLandscapeRight";
				LD_RUNPATH_SEARCH_PATHS = (
					"$(inherited)",
					"@executable_path/Frameworks",
				);
				MARKETING_VERSION = 1.0;
				PRODUCT_BUNDLE_IDENTIFIER = "com.mertozan.Veritaban-ArtBookProject";
				PRODUCT_NAME = "$(TARGET_NAME)";
				SWIFT_EMIT_LOC_STRINGS = YES;
				SWIFT_VERSION = 5.0;
				TARGETED_DEVICE_FAMILY = "1,2";
			};
			name = Release;
		};
/* End XCBuildConfiguration section */

/* Begin XCConfigurationList section */
		FB1783252A0E812800E429B9 /* Build configuration list for PBXProject "VeritabanıArtBookProject" */ = {
			isa = XCConfigurationList;
			buildConfigurations = (
				FB17833F2A0E812900E429B9 /* Debug */,
				FB1783402A0E812900E429B9 /* Release */,
			);
			defaultConfigurationIsVisible = 0;
			defaultConfigurationName = Release;
		};
		FB1783412A0E812900E429B9 /* Build configuration list for PBXNativeTarget "VeritabanıArtBookProject" */ = {
			isa = XCConfigurationList;
			buildConfigurations = (
				FB1783422A0E812900E429B9 /* Debug */,
				FB1783432A0E812900E429B9 /* Release */,
			);
			defaultConfigurationIsVisible = 0;
			defaultConfigurationName = Release;
		};
/* End XCConfigurationList section */

/* Begin XCVersionGroup section */
		FB1783362A0E812800E429B9 /* Veritaban_ArtBookProject.xcdatamodeld */ = {
			isa = XCVersionGroup;
			children = (
				FB1783372A0E812800E429B9 /* Veritaban_ArtBookProject.xcdatamodel */,
			);
			currentVersion = FB1783372A0E812800E429B9 /* Veritaban_ArtBookProject.xcdatamodel */;
			path = Veritaban_ArtBookProject.xcdatamodeld;
			sourceTree = "<group>";
			versionGroupType = wrapper.xcdatamodel;
		};
/* End XCVersionGroup section */
	};
	rootObject = FB1783222A0E812800E429B9 /* Project object */;
}
