// !$*UTF8*$!
{
	archiveVersion = 1;
	classes = {
	};
	objectVersion = 56;
	objects = {

/* Begin PBXBuildFile section */
		FB835E462AEFFD4C00B8CAC3 /* AppDelegate.swift in Sources */ = {isa = PBXBuildFile; fileRef = FB835E452AEFFD4C00B8CAC3 /* AppDelegate.swift */; };
		FB835E482AEFFD4C00B8CAC3 /* SceneDelegate.swift in Sources */ = {isa = PBXBuildFile; fileRef = FB835E472AEFFD4C00B8CAC3 /* SceneDelegate.swift */; };
		FB835E4A2AEFFD4C00B8CAC3 /* ViewController.swift in Sources */ = {isa = PBXBuildFile; fileRef = FB835E492AEFFD4C00B8CAC3 /* ViewController.swift */; };
		FB835E4D2AEFFD4C00B8CAC3 /* Main.storyboard in Resources */ = {isa = PBXBuildFile; fileRef = FB835E4B2AEFFD4C00B8CAC3 /* Main.storyboard */; };
		FB835E4F2AEFFD4D00B8CAC3 /* Assets.xcassets in Resources */ = {isa = PBXBuildFile; fileRef = FB835E4E2AEFFD4D00B8CAC3 /* Assets.xcassets */; };
		FB835E522AEFFD4D00B8CAC3 /* LaunchScreen.storyboard in Resources */ = {isa = PBXBuildFile; fileRef = FB835E502AEFFD4D00B8CAC3 /* LaunchScreen.storyboard */; };
		FB835E5E2AF0023800B8CAC3 /* Crypto.swift in Sources */ = {isa = PBXBuildFile; fileRef = FB835E5D2AF0023800B8CAC3 /* Crypto.swift */; };
		FB835E602AF00E3A00B8CAC3 /* Webservice.swift in Sources */ = {isa = PBXBuildFile; fileRef = FB835E5F2AF00E3A00B8CAC3 /* Webservice.swift */; };
/* End PBXBuildFile section */

/* Begin PBXFileReference section */
		FB835E422AEFFD4C00B8CAC3 /* CryptoCrazyRxMVVM.app */ = {isa = PBXFileReference; explicitFileType = wrapper.application; includeInIndex = 0; path = CryptoCrazyRxMVVM.app; sourceTree = BUILT_PRODUCTS_DIR; };
		FB835E452AEFFD4C00B8CAC3 /* AppDelegate.swift */ = {isa = PBXFileReference; lastKnownFileType = sourcecode.swift; path = AppDelegate.swift; sourceTree = "<group>"; };
		FB835E472AEFFD4C00B8CAC3 /* SceneDelegate.swift */ = {isa = PBXFileReference; lastKnownFileType = sourcecode.swift; path = SceneDelegate.swift; sourceTree = "<group>"; };
		FB835E492AEFFD4C00B8CAC3 /* ViewController.swift */ = {isa = PBXFileReference; lastKnownFileType = sourcecode.swift; path = ViewController.swift; sourceTree = "<group>"; };
		FB835E4C2AEFFD4C00B8CAC3 /* Base */ = {isa = PBXFileReference; lastKnownFileType = file.storyboard; name = Base; path = Base.lproj/Main.storyboard; sourceTree = "<group>"; };
		FB835E4E2AEFFD4D00B8CAC3 /* Assets.xcassets */ = {isa = PBXFileReference; lastKnownFileType = folder.assetcatalog; path = Assets.xcassets; sourceTree = "<group>"; };
		FB835E512AEFFD4D00B8CAC3 /* Base */ = {isa = PBXFileReference; lastKnownFileType = file.storyboard; name = Base; path = Base.lproj/LaunchScreen.storyboard; sourceTree = "<group>"; };
		FB835E532AEFFD4D00B8CAC3 /* Info.plist */ = {isa = PBXFileReference; lastKnownFileType = text.plist.xml; path = Info.plist; sourceTree = "<group>"; };
		FB835E5D2AF0023800B8CAC3 /* Crypto.swift */ = {isa = PBXFileReference; lastKnownFileType = sourcecode.swift; path = Crypto.swift; sourceTree = "<group>"; };
		FB835E5F2AF00E3A00B8CAC3 /* Webservice.swift */ = {isa = PBXFileReference; lastKnownFileType = sourcecode.swift; path = Webservice.swift; sourceTree = "<group>"; };
/* End PBXFileReference section */

/* Begin PBXFrameworksBuildPhase section */
		FB835E3F2AEFFD4C00B8CAC3 /* Frameworks */ = {
			isa = PBXFrameworksBuildPhase;
			buildActionMask = 2147483647;
			files = (
			);
			runOnlyForDeploymentPostprocessing = 0;
		};
/* End PBXFrameworksBuildPhase section */

/* Begin PBXGroup section */
		FB835E392AEFFD4C00B8CAC3 = {
			isa = PBXGroup;
			children = (
				FB835E442AEFFD4C00B8CAC3 /* CryptoCrazyRxMVVM */,
				FB835E432AEFFD4C00B8CAC3 /* Products */,
			);
			sourceTree = "<group>";
		};
		FB835E432AEFFD4C00B8CAC3 /* Products */ = {
			isa = PBXGroup;
			children = (
				FB835E422AEFFD4C00B8CAC3 /* CryptoCrazyRxMVVM.app */,
			);
			name = Products;
			sourceTree = "<group>";
		};
		FB835E442AEFFD4C00B8CAC3 /* CryptoCrazyRxMVVM */ = {
			isa = PBXGroup;
			children = (
				FB835E5C2AEFFF1900B8CAC3 /* Service */,
				FB835E5B2AEFFEE200B8CAC3 /* Model */,
				FB835E5A2AEFFED900B8CAC3 /* ViewModel */,
				FB835E592AEFFECB00B8CAC3 /* View */,
				FB835E4B2AEFFD4C00B8CAC3 /* Main.storyboard */,
				FB835E4E2AEFFD4D00B8CAC3 /* Assets.xcassets */,
				FB835E502AEFFD4D00B8CAC3 /* LaunchScreen.storyboard */,
				FB835E532AEFFD4D00B8CAC3 /* Info.plist */,
			);
			path = CryptoCrazyRxMVVM;
			sourceTree = "<group>";
		};
		FB835E592AEFFECB00B8CAC3 /* View */ = {
			isa = PBXGroup;
			children = (
				FB835E452AEFFD4C00B8CAC3 /* AppDelegate.swift */,
				FB835E472AEFFD4C00B8CAC3 /* SceneDelegate.swift */,
				FB835E492AEFFD4C00B8CAC3 /* ViewController.swift */,
			);
			path = View;
			sourceTree = "<group>";
		};
		FB835E5A2AEFFED900B8CAC3 /* ViewModel */ = {
			isa = PBXGroup;
			children = (
			);
			path = ViewModel;
			sourceTree = "<group>";
		};
		FB835E5B2AEFFEE200B8CAC3 /* Model */ = {
			isa = PBXGroup;
			children = (
				FB835E5D2AF0023800B8CAC3 /* Crypto.swift */,
			);
			path = Model;
			sourceTree = "<group>";
		};
		FB835E5C2AEFFF1900B8CAC3 /* Service */ = {
			isa = PBXGroup;
			children = (
				FB835E5F2AF00E3A00B8CAC3 /* Webservice.swift */,
			);
			path = Service;
			sourceTree = "<group>";
		};
/* End PBXGroup section */

/* Begin PBXNativeTarget section */
		FB835E412AEFFD4C00B8CAC3 /* CryptoCrazyRxMVVM */ = {
			isa = PBXNativeTarget;
			buildConfigurationList = FB835E562AEFFD4D00B8CAC3 /* Build configuration list for PBXNativeTarget "CryptoCrazyRxMVVM" */;
			buildPhases = (
				FB835E3E2AEFFD4C00B8CAC3 /* Sources */,
				FB835E3F2AEFFD4C00B8CAC3 /* Frameworks */,
				FB835E402AEFFD4C00B8CAC3 /* Resources */,
			);
			buildRules = (
			);
			dependencies = (
			);
			name = CryptoCrazyRxMVVM;
			productName = CryptoCrazyRxMVVM;
			productReference = FB835E422AEFFD4C00B8CAC3 /* CryptoCrazyRxMVVM.app */;
			productType = "com.apple.product-type.application";
		};
/* End PBXNativeTarget section */

/* Begin PBXProject section */
		FB835E3A2AEFFD4C00B8CAC3 /* Project object */ = {
			isa = PBXProject;
			attributes = {
				BuildIndependentTargetsInParallel = 1;
				LastSwiftUpdateCheck = 1500;
				LastUpgradeCheck = 1500;
				TargetAttributes = {
					FB835E412AEFFD4C00B8CAC3 = {
						CreatedOnToolsVersion = 15.0.1;
					};
				};
			};
			buildConfigurationList = FB835E3D2AEFFD4C00B8CAC3 /* Build configuration list for PBXProject "CryptoCrazyRxMVVM" */;
			compatibilityVersion = "Xcode 14.0";
			developmentRegion = en;
			hasScannedForEncodings = 0;
			knownRegions = (
				en,
				Base,
			);
			mainGroup = FB835E392AEFFD4C00B8CAC3;
			productRefGroup = FB835E432AEFFD4C00B8CAC3 /* Products */;
			projectDirPath = "";
			projectRoot = "";
			targets = (
				FB835E412AEFFD4C00B8CAC3 /* CryptoCrazyRxMVVM */,
			);
		};
/* End PBXProject section */

/* Begin PBXResourcesBuildPhase section */
		FB835E402AEFFD4C00B8CAC3 /* Resources */ = {
			isa = PBXResourcesBuildPhase;
			buildActionMask = 2147483647;
			files = (
				FB835E522AEFFD4D00B8CAC3 /* LaunchScreen.storyboard in Resources */,
				FB835E4F2AEFFD4D00B8CAC3 /* Assets.xcassets in Resources */,
				FB835E4D2AEFFD4C00B8CAC3 /* Main.storyboard in Resources */,
			);
			runOnlyForDeploymentPostprocessing = 0;
		};
/* End PBXResourcesBuildPhase section */

/* Begin PBXSourcesBuildPhase section */
		FB835E3E2AEFFD4C00B8CAC3 /* Sources */ = {
			isa = PBXSourcesBuildPhase;
			buildActionMask = 2147483647;
			files = (
				FB835E5E2AF0023800B8CAC3 /* Crypto.swift in Sources */,
				FB835E4A2AEFFD4C00B8CAC3 /* ViewController.swift in Sources */,
				FB835E462AEFFD4C00B8CAC3 /* AppDelegate.swift in Sources */,
				FB835E602AF00E3A00B8CAC3 /* Webservice.swift in Sources */,
				FB835E482AEFFD4C00B8CAC3 /* SceneDelegate.swift in Sources */,
			);
			runOnlyForDeploymentPostprocessing = 0;
		};
/* End PBXSourcesBuildPhase section */

/* Begin PBXVariantGroup section */
		FB835E4B2AEFFD4C00B8CAC3 /* Main.storyboard */ = {
			isa = PBXVariantGroup;
			children = (
				FB835E4C2AEFFD4C00B8CAC3 /* Base */,
			);
			name = Main.storyboard;
			sourceTree = "<group>";
		};
		FB835E502AEFFD4D00B8CAC3 /* LaunchScreen.storyboard */ = {
			isa = PBXVariantGroup;
			children = (
				FB835E512AEFFD4D00B8CAC3 /* Base */,
			);
			name = LaunchScreen.storyboard;
			sourceTree = "<group>";
		};
/* End PBXVariantGroup section */

/* Begin XCBuildConfiguration section */
		FB835E542AEFFD4D00B8CAC3 /* Debug */ = {
			isa = XCBuildConfiguration;
			buildSettings = {
				ALWAYS_SEARCH_USER_PATHS = NO;
				ASSETCATALOG_COMPILER_GENERATE_SWIFT_ASSET_SYMBOL_EXTENSIONS = YES;
				CLANG_ANALYZER_NONNULL = YES;
				CLANG_ANALYZER_NUMBER_OBJECT_CONVERSION = YES_AGGRESSIVE;
				CLANG_CXX_LANGUAGE_STANDARD = "gnu++20";
				CLANG_ENABLE_MODULES = YES;
				CLANG_ENABLE_OBJC_ARC = YES;
				CLANG_ENABLE_OBJC_WEAK = YES;
				CLANG_WARN_BLOCK_CAPTURE_AUTORELEASING = YES;
				CLANG_WARN_BOOL_CONVERSION = YES;
				CLANG_WARN_COMMA = YES;
				CLANG_WARN_CONSTANT_CONVERSION = YES;
				CLANG_WARN_DEPRECATED_OBJC_IMPLEMENTATIONS = YES;
				CLANG_WARN_DIRECT_OBJC_ISA_USAGE = YES_ERROR;
				CLANG_WARN_DOCUMENTATION_COMMENTS = YES;
				CLANG_WARN_EMPTY_BODY = YES;
				CLANG_WARN_ENUM_CONVERSION = YES;
				CLANG_WARN_INFINITE_RECURSION = YES;
				CLANG_WARN_INT_CONVERSION = YES;
				CLANG_WARN_NON_LITERAL_NULL_CONVERSION = YES;
				CLANG_WARN_OBJC_IMPLICIT_RETAIN_SELF = YES;
				CLANG_WARN_OBJC_LITERAL_CONVERSION = YES;
				CLANG_WARN_OBJC_ROOT_CLASS = YES_ERROR;
				CLANG_WARN_QUOTED_INCLUDE_IN_FRAMEWORK_HEADER = YES;
				CLANG_WARN_RANGE_LOOP_ANALYSIS = YES;
				CLANG_WARN_STRICT_PROTOTYPES = YES;
				CLANG_WARN_SUSPICIOUS_MOVE = YES;
				CLANG_WARN_UNGUARDED_AVAILABILITY = YES_AGGRESSIVE;
				CLANG_WARN_UNREACHABLE_CODE = YES;
				CLANG_WARN__DUPLICATE_METHOD_MATCH = YES;
				COPY_PHASE_STRIP = NO;
				DEBUG_INFORMATION_FORMAT = dwarf;
				ENABLE_STRICT_OBJC_MSGSEND = YES;
				ENABLE_TESTABILITY = YES;
				ENABLE_USER_SCRIPT_SANDBOXING = YES;
				GCC_C_LANGUAGE_STANDARD = gnu17;
				GCC_DYNAMIC_NO_PIC = NO;
				GCC_NO_COMMON_BLOCKS = YES;
				GCC_OPTIMIZATION_LEVEL = 0;
				GCC_PREPROCESSOR_DEFINITIONS = (
					"DEBUG=1",
					"$(inherited)",
				);
				GCC_WARN_64_TO_32_BIT_CONVERSION = YES;
				GCC_WARN_ABOUT_RETURN_TYPE = YES_ERROR;
				GCC_WARN_UNDECLARED_SELECTOR = YES;
				GCC_WARN_UNINITIALIZED_AUTOS = YES_AGGRESSIVE;
				GCC_WARN_UNUSED_FUNCTION = YES;
				GCC_WARN_UNUSED_VARIABLE = YES;
				IPHONEOS_DEPLOYMENT_TARGET = 17.0;
				LOCALIZATION_PREFERS_STRING_CATALOGS = YES;
				MTL_ENABLE_DEBUG_INFO = INCLUDE_SOURCE;
				MTL_FAST_MATH = YES;
				ONLY_ACTIVE_ARCH = YES;
				SDKROOT = iphoneos;
				SWIFT_ACTIVE_COMPILATION_CONDITIONS = "DEBUG $(inherited)";
				SWIFT_OPTIMIZATION_LEVEL = "-Onone";
			};
			name = Debug;
		};
		FB835E552AEFFD4D00B8CAC3 /* Release */ = {
			isa = XCBuildConfiguration;
			buildSettings = {
				ALWAYS_SEARCH_USER_PATHS = NO;
				ASSETCATALOG_COMPILER_GENERATE_SWIFT_ASSET_SYMBOL_EXTENSIONS = YES;
				CLANG_ANALYZER_NONNULL = YES;
				CLANG_ANALYZER_NUMBER_OBJECT_CONVERSION = YES_AGGRESSIVE;
				CLANG_CXX_LANGUAGE_STANDARD = "gnu++20";
				CLANG_ENABLE_MODULES = YES;
				CLANG_ENABLE_OBJC_ARC = YES;
				CLANG_ENABLE_OBJC_WEAK = YES;
				CLANG_WARN_BLOCK_CAPTURE_AUTORELEASING = YES;
				CLANG_WARN_BOOL_CONVERSION = YES;
				CLANG_WARN_COMMA = YES;
				CLANG_WARN_CONSTANT_CONVERSION = YES;
				CLANG_WARN_DEPRECATED_OBJC_IMPLEMENTATIONS = YES;
				CLANG_WARN_DIRECT_OBJC_ISA_USAGE = YES_ERROR;
				CLANG_WARN_DOCUMENTATION_COMMENTS = YES;
				CLANG_WARN_EMPTY_BODY = YES;
				CLANG_WARN_ENUM_CONVERSION = YES;
				CLANG_WARN_INFINITE_RECURSION = YES;
				CLANG_WARN_INT_CONVERSION = YES;
				CLANG_WARN_NON_LITERAL_NULL_CONVERSION = YES;
				CLANG_WARN_OBJC_IMPLICIT_RETAIN_SELF = YES;
				CLANG_WARN_OBJC_LITERAL_CONVERSION = YES;
				CLANG_WARN_OBJC_ROOT_CLASS = YES_ERROR;
				CLANG_WARN_QUOTED_INCLUDE_IN_FRAMEWORK_HEADER = YES;
				CLANG_WARN_RANGE_LOOP_ANALYSIS = YES;
				CLANG_WARN_STRICT_PROTOTYPES = YES;
				CLANG_WARN_SUSPICIOUS_MOVE = YES;
				CLANG_WARN_UNGUARDED_AVAILABILITY = YES_AGGRESSIVE;
				CLANG_WARN_UNREACHABLE_CODE = YES;
				CLANG_WARN__DUPLICATE_METHOD_MATCH = YES;
				COPY_PHASE_STRIP = NO;
				DEBUG_INFORMATION_FORMAT = "dwarf-with-dsym";
				ENABLE_NS_ASSERTIONS = NO;
				ENABLE_STRICT_OBJC_MSGSEND = YES;
				ENABLE_USER_SCRIPT_SANDBOXING = YES;
				GCC_C_LANGUAGE_STANDARD = gnu17;
				GCC_NO_COMMON_BLOCKS = YES;
				GCC_WARN_64_TO_32_BIT_CONVERSION = YES;
				GCC_WARN_ABOUT_RETURN_TYPE = YES_ERROR;
				GCC_WARN_UNDECLARED_SELECTOR = YES;
				GCC_WARN_UNINITIALIZED_AUTOS = YES_AGGRESSIVE;
				GCC_WARN_UNUSED_FUNCTION = YES;
				GCC_WARN_UNUSED_VARIABLE = YES;
				IPHONEOS_DEPLOYMENT_TARGET = 17.0;
				LOCALIZATION_PREFERS_STRING_CATALOGS = YES;
				MTL_ENABLE_DEBUG_INFO = NO;
				MTL_FAST_MATH = YES;
				SDKROOT = iphoneos;
				SWIFT_COMPILATION_MODE = wholemodule;
				VALIDATE_PRODUCT = YES;
			};
			name = Release;
		};
		FB835E572AEFFD4D00B8CAC3 /* Debug */ = {
			isa = XCBuildConfiguration;
			buildSettings = {
				ASSETCATALOG_COMPILER_APPICON_NAME = AppIcon;
				ASSETCATALOG_COMPILER_GLOBAL_ACCENT_COLOR_NAME = AccentColor;
				CODE_SIGN_STYLE = Automatic;
				CURRENT_PROJECT_VERSION = 1;
				DEVELOPMENT_TEAM = PMF2KU876W;
				GENERATE_INFOPLIST_FILE = YES;
				INFOPLIST_FILE = CryptoCrazyRxMVVM/Info.plist;
				INFOPLIST_KEY_UIApplicationSupportsIndirectInputEvents = YES;
				INFOPLIST_KEY_UILaunchStoryboardName = LaunchScreen;
				INFOPLIST_KEY_UIMainStoryboardFile = Main;
				INFOPLIST_KEY_UISupportedInterfaceOrientations_iPad = "UIInterfaceOrientationPortrait UIInterfaceOrientationPortraitUpsideDown UIInterfaceOrientationLandscapeLeft UIInterfaceOrientationLandscapeRight";
				INFOPLIST_KEY_UISupportedInterfaceOrientations_iPhone = "UIInterfaceOrientationPortrait UIInterfaceOrientationLandscapeLeft UIInterfaceOrientationLandscapeRight";
				LD_RUNPATH_SEARCH_PATHS = (
					"$(inherited)",
					"@executable_path/Frameworks",
				);
				MARKETING_VERSION = 1.0;
				PRODUCT_BUNDLE_IDENTIFIER = com.mertozan.CryptoCrazyRxMVVM;
				PRODUCT_NAME = "$(TARGET_NAME)";
				SWIFT_EMIT_LOC_STRINGS = YES;
				SWIFT_VERSION = 5.0;
				TARGETED_DEVICE_FAMILY = "1,2";
			};
			name = Debug;
		};
		FB835E582AEFFD4D00B8CAC3 /* Release */ = {
			isa = XCBuildConfiguration;
			buildSettings = {
				ASSETCATALOG_COMPILER_APPICON_NAME = AppIcon;
				ASSETCATALOG_COMPILER_GLOBAL_ACCENT_COLOR_NAME = AccentColor;
				CODE_SIGN_STYLE = Automatic;
				CURRENT_PROJECT_VERSION = 1;
				DEVELOPMENT_TEAM = PMF2KU876W;
				GENERATE_INFOPLIST_FILE = YES;
				INFOPLIST_FILE = CryptoCrazyRxMVVM/Info.plist;
				INFOPLIST_KEY_UIApplicationSupportsIndirectInputEvents = YES;
				INFOPLIST_KEY_UILaunchStoryboardName = LaunchScreen;
				INFOPLIST_KEY_UIMainStoryboardFile = Main;
				INFOPLIST_KEY_UISupportedInterfaceOrientations_iPad = "UIInterfaceOrientationPortrait UIInterfaceOrientationPortraitUpsideDown UIInterfaceOrientationLandscapeLeft UIInterfaceOrientationLandscapeRight";
				INFOPLIST_KEY_UISupportedInterfaceOrientations_iPhone = "UIInterfaceOrientationPortrait UIInterfaceOrientationLandscapeLeft UIInterfaceOrientationLandscapeRight";
				LD_RUNPATH_SEARCH_PATHS = (
					"$(inherited)",
					"@executable_path/Frameworks",
				);
				MARKETING_VERSION = 1.0;
				PRODUCT_BUNDLE_IDENTIFIER = com.mertozan.CryptoCrazyRxMVVM;
				PRODUCT_NAME = "$(TARGET_NAME)";
				SWIFT_EMIT_LOC_STRINGS = YES;
				SWIFT_VERSION = 5.0;
				TARGETED_DEVICE_FAMILY = "1,2";
			};
			name = Release;
		};
/* End XCBuildConfiguration section */

/* Begin XCConfigurationList section */
		FB835E3D2AEFFD4C00B8CAC3 /* Build configuration list for PBXProject "CryptoCrazyRxMVVM" */ = {
			isa = XCConfigurationList;
			buildConfigurations = (
				FB835E542AEFFD4D00B8CAC3 /* Debug */,
				FB835E552AEFFD4D00B8CAC3 /* Release */,
			);
			defaultConfigurationIsVisible = 0;
			defaultConfigurationName = Release;
		};
		FB835E562AEFFD4D00B8CAC3 /* Build configuration list for PBXNativeTarget "CryptoCrazyRxMVVM" */ = {
			isa = XCConfigurationList;
			buildConfigurations = (
				FB835E572AEFFD4D00B8CAC3 /* Debug */,
				FB835E582AEFFD4D00B8CAC3 /* Release */,
			);
			defaultConfigurationIsVisible = 0;
			defaultConfigurationName = Release;
		};
/* End XCConfigurationList section */
	};
	rootObject = FB835E3A2AEFFD4C00B8CAC3 /* Project object */;
}
