// !$*UTF8*$!
{
	archiveVersion = 1;
	classes = {
	};
	objectVersion = 56;
	objects = {

/* Begin PBXBuildFile section */
		FAA35B3773C41DE56F968C1D /* Pods_SnapchatClone.framework in Frameworks */ = {isa = PBXBuildFile; fileRef = ECDC849945D6906193E787DC /* Pods_SnapchatClone.framework */; };
		FB3630102AE55935008D9C0E /* AppDelegate.swift in Sources */ = {isa = PBXBuildFile; fileRef = FB36300F2AE55935008D9C0E /* AppDelegate.swift */; };
		FB3630122AE55935008D9C0E /* SceneDelegate.swift in Sources */ = {isa = PBXBuildFile; fileRef = FB3630112AE55935008D9C0E /* SceneDelegate.swift */; };
		FB3630142AE55935008D9C0E /* SignInVC.swift in Sources */ = {isa = PBXBuildFile; fileRef = FB3630132AE55935008D9C0E /* SignInVC.swift */; };
		FB3630172AE55935008D9C0E /* Main.storyboard in Resources */ = {isa = PBXBuildFile; fileRef = FB3630152AE55935008D9C0E /* Main.storyboard */; };
		FB3630192AE55936008D9C0E /* Assets.xcassets in Resources */ = {isa = PBXBuildFile; fileRef = FB3630182AE55936008D9C0E /* Assets.xcassets */; };
		FB36301C2AE55936008D9C0E /* LaunchScreen.storyboard in Resources */ = {isa = PBXBuildFile; fileRef = FB36301A2AE55936008D9C0E /* LaunchScreen.storyboard */; };
		FB3630242AE559AD008D9C0E /* GoogleService-Info.plist in Resources */ = {isa = PBXBuildFile; fileRef = FB3630232AE559AD008D9C0E /* GoogleService-Info.plist */; };
		FBCD246A2AE95D610014D637 /* UserSingleton.swift in Sources */ = {isa = PBXBuildFile; fileRef = FBCD24692AE95D610014D637 /* UserSingleton.swift */; };
		FBD63A592AE55DD200DB37F6 /* FeedVC.swift in Sources */ = {isa = PBXBuildFile; fileRef = FBD63A582AE55DD200DB37F6 /* FeedVC.swift */; };
		FBD63A5B2AE55DE300DB37F6 /* UploadVC.swift in Sources */ = {isa = PBXBuildFile; fileRef = FBD63A5A2AE55DE300DB37F6 /* UploadVC.swift */; };
		FBD63A5D2AE55DF400DB37F6 /* SettingsVC.swift in Sources */ = {isa = PBXBuildFile; fileRef = FBD63A5C2AE55DF400DB37F6 /* SettingsVC.swift */; };
		FBD63A602AE55F0500DB37F6 /* SnapVC.swift in Sources */ = {isa = PBXBuildFile; fileRef = FBD63A5F2AE55F0500DB37F6 /* SnapVC.swift */; };
		FBFE5F772AE99EB900DCDD02 /* FeedCell.swift in Sources */ = {isa = PBXBuildFile; fileRef = FBFE5F762AE99EB900DCDD02 /* FeedCell.swift */; };
		FBFE5F792AE9A0E900DCDD02 /* Snap.swift in Sources */ = {isa = PBXBuildFile; fileRef = FBFE5F782AE9A0E900DCDD02 /* Snap.swift */; };
/* End PBXBuildFile section */

/* Begin PBXFileReference section */
		52D6DCA578D63C47587A3F66 /* Pods-SnapchatClone.release.xcconfig */ = {isa = PBXFileReference; includeInIndex = 1; lastKnownFileType = text.xcconfig; name = "Pods-SnapchatClone.release.xcconfig"; path = "Target Support Files/Pods-SnapchatClone/Pods-SnapchatClone.release.xcconfig"; sourceTree = "<group>"; };
		ECDC849945D6906193E787DC /* Pods_SnapchatClone.framework */ = {isa = PBXFileReference; explicitFileType = wrapper.framework; includeInIndex = 0; path = Pods_SnapchatClone.framework; sourceTree = BUILT_PRODUCTS_DIR; };
		F29DEBFD955EA7244F88D67B /* Pods-SnapchatClone.debug.xcconfig */ = {isa = PBXFileReference; includeInIndex = 1; lastKnownFileType = text.xcconfig; name = "Pods-SnapchatClone.debug.xcconfig"; path = "Target Support Files/Pods-SnapchatClone/Pods-SnapchatClone.debug.xcconfig"; sourceTree = "<group>"; };
		FB36300C2AE55935008D9C0E /* SnapchatClone.app */ = {isa = PBXFileReference; explicitFileType = wrapper.application; includeInIndex = 0; path = SnapchatClone.app; sourceTree = BUILT_PRODUCTS_DIR; };
		FB36300F2AE55935008D9C0E /* AppDelegate.swift */ = {isa = PBXFileReference; lastKnownFileType = sourcecode.swift; path = AppDelegate.swift; sourceTree = "<group>"; };
		FB3630112AE55935008D9C0E /* SceneDelegate.swift */ = {isa = PBXFileReference; lastKnownFileType = sourcecode.swift; path = SceneDelegate.swift; sourceTree = "<group>"; };
		FB3630132AE55935008D9C0E /* SignInVC.swift */ = {isa = PBXFileReference; lastKnownFileType = sourcecode.swift; path = SignInVC.swift; sourceTree = "<group>"; };
		FB3630162AE55935008D9C0E /* Base */ = {isa = PBXFileReference; lastKnownFileType = file.storyboard; name = Base; path = Base.lproj/Main.storyboard; sourceTree = "<group>"; };
		FB3630182AE55936008D9C0E /* Assets.xcassets */ = {isa = PBXFileReference; lastKnownFileType = folder.assetcatalog; path = Assets.xcassets; sourceTree = "<group>"; };
		FB36301B2AE55936008D9C0E /* Base */ = {isa = PBXFileReference; lastKnownFileType = file.storyboard; name = Base; path = Base.lproj/LaunchScreen.storyboard; sourceTree = "<group>"; };
		FB36301D2AE55936008D9C0E /* Info.plist */ = {isa = PBXFileReference; lastKnownFileType = text.plist.xml; path = Info.plist; sourceTree = "<group>"; };
		FB3630232AE559AD008D9C0E /* GoogleService-Info.plist */ = {isa = PBXFileReference; fileEncoding = 4; lastKnownFileType = text.plist.xml; path = "GoogleService-Info.plist"; sourceTree = "<group>"; };
		FBCD24692AE95D610014D637 /* UserSingleton.swift */ = {isa = PBXFileReference; lastKnownFileType = sourcecode.swift; path = UserSingleton.swift; sourceTree = "<group>"; };
		FBD63A582AE55DD200DB37F6 /* FeedVC.swift */ = {isa = PBXFileReference; lastKnownFileType = sourcecode.swift; path = FeedVC.swift; sourceTree = "<group>"; };
		FBD63A5A2AE55DE300DB37F6 /* UploadVC.swift */ = {isa = PBXFileReference; lastKnownFileType = sourcecode.swift; path = UploadVC.swift; sourceTree = "<group>"; };
		FBD63A5C2AE55DF400DB37F6 /* SettingsVC.swift */ = {isa = PBXFileReference; lastKnownFileType = sourcecode.swift; path = SettingsVC.swift; sourceTree = "<group>"; };
		FBD63A5F2AE55F0500DB37F6 /* SnapVC.swift */ = {isa = PBXFileReference; lastKnownFileType = sourcecode.swift; path = SnapVC.swift; sourceTree = "<group>"; };
		FBFE5F762AE99EB900DCDD02 /* FeedCell.swift */ = {isa = PBXFileReference; lastKnownFileType = sourcecode.swift; path = FeedCell.swift; sourceTree = "<group>"; };
		FBFE5F782AE9A0E900DCDD02 /* Snap.swift */ = {isa = PBXFileReference; lastKnownFileType = sourcecode.swift; path = Snap.swift; sourceTree = "<group>"; };
/* End PBXFileReference section */

/* Begin PBXFrameworksBuildPhase section */
		FB3630092AE55935008D9C0E /* Frameworks */ = {
			isa = PBXFrameworksBuildPhase;
			buildActionMask = 2147483647;
			files = (
				FAA35B3773C41DE56F968C1D /* Pods_SnapchatClone.framework in Frameworks */,
			);
			runOnlyForDeploymentPostprocessing = 0;
		};
/* End PBXFrameworksBuildPhase section */

/* Begin PBXGroup section */
		2D7B414328302AC12B5CFC7E /* Frameworks */ = {
			isa = PBXGroup;
			children = (
				ECDC849945D6906193E787DC /* Pods_SnapchatClone.framework */,
			);
			name = Frameworks;
			sourceTree = "<group>";
		};
		65A9FEE91E5865AE2DEF9F96 /* Pods */ = {
			isa = PBXGroup;
			children = (
				F29DEBFD955EA7244F88D67B /* Pods-SnapchatClone.debug.xcconfig */,
				52D6DCA578D63C47587A3F66 /* Pods-SnapchatClone.release.xcconfig */,
			);
			path = Pods;
			sourceTree = "<group>";
		};
		FB3630032AE55935008D9C0E = {
			isa = PBXGroup;
			children = (
				FB36300E2AE55935008D9C0E /* SnapchatClone */,
				FB36300D2AE55935008D9C0E /* Products */,
				65A9FEE91E5865AE2DEF9F96 /* Pods */,
				2D7B414328302AC12B5CFC7E /* Frameworks */,
			);
			sourceTree = "<group>";
		};
		FB36300D2AE55935008D9C0E /* Products */ = {
			isa = PBXGroup;
			children = (
				FB36300C2AE55935008D9C0E /* SnapchatClone.app */,
			);
			name = Products;
			sourceTree = "<group>";
		};
		FB36300E2AE55935008D9C0E /* SnapchatClone */ = {
			isa = PBXGroup;
			children = (
				FBCD24682AE95D4B0014D637 /* Model */,
				FBD63A5E2AE55E0500DB37F6 /* Delegates */,
				FBD63A572AE55BF300DB37F6 /* ViewControllers */,
				FB3630152AE55935008D9C0E /* Main.storyboard */,
				FB3630182AE55936008D9C0E /* Assets.xcassets */,
				FB36301A2AE55936008D9C0E /* LaunchScreen.storyboard */,
				FB36301D2AE55936008D9C0E /* Info.plist */,
				FB3630232AE559AD008D9C0E /* GoogleService-Info.plist */,
			);
			path = SnapchatClone;
			sourceTree = "<group>";
		};
		FBCD24682AE95D4B0014D637 /* Model */ = {
			isa = PBXGroup;
			children = (
				FBCD24692AE95D610014D637 /* UserSingleton.swift */,
				FBFE5F782AE9A0E900DCDD02 /* Snap.swift */,
			);
			path = Model;
			sourceTree = "<group>";
		};
		FBD63A572AE55BF300DB37F6 /* ViewControllers */ = {
			isa = PBXGroup;
			children = (
				FB3630132AE55935008D9C0E /* SignInVC.swift */,
				FBD63A582AE55DD200DB37F6 /* FeedVC.swift */,
				FBFE5F762AE99EB900DCDD02 /* FeedCell.swift */,
				FBD63A5A2AE55DE300DB37F6 /* UploadVC.swift */,
				FBD63A5C2AE55DF400DB37F6 /* SettingsVC.swift */,
				FBD63A5F2AE55F0500DB37F6 /* SnapVC.swift */,
			);
			path = ViewControllers;
			sourceTree = "<group>";
		};
		FBD63A5E2AE55E0500DB37F6 /* Delegates */ = {
			isa = PBXGroup;
			children = (
				FB36300F2AE55935008D9C0E /* AppDelegate.swift */,
				FB3630112AE55935008D9C0E /* SceneDelegate.swift */,
			);
			path = Delegates;
			sourceTree = "<group>";
		};
/* End PBXGroup section */

/* Begin PBXNativeTarget section */
		FB36300B2AE55935008D9C0E /* SnapchatClone */ = {
			isa = PBXNativeTarget;
			buildConfigurationList = FB3630202AE55936008D9C0E /* Build configuration list for PBXNativeTarget "SnapchatClone" */;
			buildPhases = (
				20256653DAC39CF33C8AA1D7 /* [CP] Check Pods Manifest.lock */,
				FB3630082AE55935008D9C0E /* Sources */,
				FB3630092AE55935008D9C0E /* Frameworks */,
				FB36300A2AE55935008D9C0E /* Resources */,
				C497F49C6B41785674A01F91 /* [CP] Embed Pods Frameworks */,
			);
			buildRules = (
			);
			dependencies = (
			);
			name = SnapchatClone;
			productName = SnapchatClone;
			productReference = FB36300C2AE55935008D9C0E /* SnapchatClone.app */;
			productType = "com.apple.product-type.application";
		};
/* End PBXNativeTarget section */

/* Begin PBXProject section */
		FB3630042AE55935008D9C0E /* Project object */ = {
			isa = PBXProject;
			attributes = {
				BuildIndependentTargetsInParallel = 1;
				LastSwiftUpdateCheck = 1500;
				LastUpgradeCheck = 1500;
				TargetAttributes = {
					FB36300B2AE55935008D9C0E = {
						CreatedOnToolsVersion = 15.0.1;
					};
				};
			};
			buildConfigurationList = FB3630072AE55935008D9C0E /* Build configuration list for PBXProject "SnapchatClone" */;
			compatibilityVersion = "Xcode 14.0";
			developmentRegion = en;
			hasScannedForEncodings = 0;
			knownRegions = (
				en,
				Base,
			);
			mainGroup = FB3630032AE55935008D9C0E;
			productRefGroup = FB36300D2AE55935008D9C0E /* Products */;
			projectDirPath = "";
			projectRoot = "";
			targets = (
				FB36300B2AE55935008D9C0E /* SnapchatClone */,
			);
		};
/* End PBXProject section */

/* Begin PBXResourcesBuildPhase section */
		FB36300A2AE55935008D9C0E /* Resources */ = {
			isa = PBXResourcesBuildPhase;
			buildActionMask = 2147483647;
			files = (
				FB36301C2AE55936008D9C0E /* LaunchScreen.storyboard in Resources */,
				FB3630242AE559AD008D9C0E /* GoogleService-Info.plist in Resources */,
				FB3630192AE55936008D9C0E /* Assets.xcassets in Resources */,
				FB3630172AE55935008D9C0E /* Main.storyboard in Resources */,
			);
			runOnlyForDeploymentPostprocessing = 0;
		};
/* End PBXResourcesBuildPhase section */

/* Begin PBXShellScriptBuildPhase section */
		20256653DAC39CF33C8AA1D7 /* [CP] Check Pods Manifest.lock */ = {
			isa = PBXShellScriptBuildPhase;
			buildActionMask = 2147483647;
			files = (
			);
			inputFileListPaths = (
			);
			inputPaths = (
				"${PODS_PODFILE_DIR_PATH}/Podfile.lock",
				"${PODS_ROOT}/Manifest.lock",
			);
			name = "[CP] Check Pods Manifest.lock";
			outputFileListPaths = (
			);
			outputPaths = (
				"$(DERIVED_FILE_DIR)/Pods-SnapchatClone-checkManifestLockResult.txt",
			);
			runOnlyForDeploymentPostprocessing = 0;
			shellPath = /bin/sh;
			shellScript = "diff \"${PODS_PODFILE_DIR_PATH}/Podfile.lock\" \"${PODS_ROOT}/Manifest.lock\" > /dev/null\nif [ $? != 0 ] ; then\n    # print error to STDERR\n    echo \"error: The sandbox is not in sync with the Podfile.lock. Run 'pod install' or update your CocoaPods installation.\" >&2\n    exit 1\nfi\n# This output is used by Xcode 'outputs' to avoid re-running this script phase.\necho \"SUCCESS\" > \"${SCRIPT_OUTPUT_FILE_0}\"\n";
			showEnvVarsInLog = 0;
		};
		C497F49C6B41785674A01F91 /* [CP] Embed Pods Frameworks */ = {
			isa = PBXShellScriptBuildPhase;
			buildActionMask = 2147483647;
			files = (
			);
			inputFileListPaths = (
				"${PODS_ROOT}/Target Support Files/Pods-SnapchatClone/Pods-SnapchatClone-frameworks-${CONFIGURATION}-input-files.xcfilelist",
			);
			name = "[CP] Embed Pods Frameworks";
			outputFileListPaths = (
				"${PODS_ROOT}/Target Support Files/Pods-SnapchatClone/Pods-SnapchatClone-frameworks-${CONFIGURATION}-output-files.xcfilelist",
			);
			runOnlyForDeploymentPostprocessing = 0;
			shellPath = /bin/sh;
			shellScript = "\"${PODS_ROOT}/Target Support Files/Pods-SnapchatClone/Pods-SnapchatClone-frameworks.sh\"\n";
			showEnvVarsInLog = 0;
		};
/* End PBXShellScriptBuildPhase section */

/* Begin PBXSourcesBuildPhase section */
		FB3630082AE55935008D9C0E /* Sources */ = {
			isa = PBXSourcesBuildPhase;
			buildActionMask = 2147483647;
			files = (
				FBCD246A2AE95D610014D637 /* UserSingleton.swift in Sources */,
				FBFE5F792AE9A0E900DCDD02 /* Snap.swift in Sources */,
				FBD63A592AE55DD200DB37F6 /* FeedVC.swift in Sources */,
				FB3630142AE55935008D9C0E /* SignInVC.swift in Sources */,
				FB3630102AE55935008D9C0E /* AppDelegate.swift in Sources */,
				FBD63A5B2AE55DE300DB37F6 /* UploadVC.swift in Sources */,
				FBD63A602AE55F0500DB37F6 /* SnapVC.swift in Sources */,
				FB3630122AE55935008D9C0E /* SceneDelegate.swift in Sources */,
				FBD63A5D2AE55DF400DB37F6 /* SettingsVC.swift in Sources */,
				FBFE5F772AE99EB900DCDD02 /* FeedCell.swift in Sources */,
			);
			runOnlyForDeploymentPostprocessing = 0;
		};
/* End PBXSourcesBuildPhase section */

/* Begin PBXVariantGroup section */
		FB3630152AE55935008D9C0E /* Main.storyboard */ = {
			isa = PBXVariantGroup;
			children = (
				FB3630162AE55935008D9C0E /* Base */,
			);
			name = Main.storyboard;
			sourceTree = "<group>";
		};
		FB36301A2AE55936008D9C0E /* LaunchScreen.storyboard */ = {
			isa = PBXVariantGroup;
			children = (
				FB36301B2AE55936008D9C0E /* Base */,
			);
			name = LaunchScreen.storyboard;
			sourceTree = "<group>";
		};
/* End PBXVariantGroup section */

/* Begin XCBuildConfiguration section */
		FB36301E2AE55936008D9C0E /* Debug */ = {
			isa = XCBuildConfiguration;
			buildSettings = {
				ALWAYS_SEARCH_USER_PATHS = NO;
				ASSETCATALOG_COMPILER_GENERATE_SWIFT_ASSET_SYMBOL_EXTENSIONS = YES;
				CLANG_ANALYZER_NONNULL = YES;
				CLANG_ANALYZER_NUMBER_OBJECT_CONVERSION = YES_AGGRESSIVE;
				CLANG_CXX_LANGUAGE_STANDARD = "gnu++20";
				CLANG_ENABLE_MODULES = YES;
				CLANG_ENABLE_OBJC_ARC = YES;
				CLANG_ENABLE_OBJC_WEAK = YES;
				CLANG_WARN_BLOCK_CAPTURE_AUTORELEASING = YES;
				CLANG_WARN_BOOL_CONVERSION = YES;
				CLANG_WARN_COMMA = YES;
				CLANG_WARN_CONSTANT_CONVERSION = YES;
				CLANG_WARN_DEPRECATED_OBJC_IMPLEMENTATIONS = YES;
				CLANG_WARN_DIRECT_OBJC_ISA_USAGE = YES_ERROR;
				CLANG_WARN_DOCUMENTATION_COMMENTS = YES;
				CLANG_WARN_EMPTY_BODY = YES;
				CLANG_WARN_ENUM_CONVERSION = YES;
				CLANG_WARN_INFINITE_RECURSION = YES;
				CLANG_WARN_INT_CONVERSION = YES;
				CLANG_WARN_NON_LITERAL_NULL_CONVERSION = YES;
				CLANG_WARN_OBJC_IMPLICIT_RETAIN_SELF = YES;
				CLANG_WARN_OBJC_LITERAL_CONVERSION = YES;
				CLANG_WARN_OBJC_ROOT_CLASS = YES_ERROR;
				CLANG_WARN_QUOTED_INCLUDE_IN_FRAMEWORK_HEADER = YES;
				CLANG_WARN_RANGE_LOOP_ANALYSIS = YES;
				CLANG_WARN_STRICT_PROTOTYPES = YES;
				CLANG_WARN_SUSPICIOUS_MOVE = YES;
				CLANG_WARN_UNGUARDED_AVAILABILITY = YES_AGGRESSIVE;
				CLANG_WARN_UNREACHABLE_CODE = YES;
				CLANG_WARN__DUPLICATE_METHOD_MATCH = YES;
				COPY_PHASE_STRIP = NO;
				DEBUG_INFORMATION_FORMAT = dwarf;
				ENABLE_STRICT_OBJC_MSGSEND = YES;
				ENABLE_TESTABILITY = YES;
				ENABLE_USER_SCRIPT_SANDBOXING = YES;
				GCC_C_LANGUAGE_STANDARD = gnu17;
				GCC_DYNAMIC_NO_PIC = NO;
				GCC_NO_COMMON_BLOCKS = YES;
				GCC_OPTIMIZATION_LEVEL = 0;
				GCC_PREPROCESSOR_DEFINITIONS = (
					"DEBUG=1",
					"$(inherited)",
				);
				GCC_WARN_64_TO_32_BIT_CONVERSION = YES;
				GCC_WARN_ABOUT_RETURN_TYPE = YES_ERROR;
				GCC_WARN_UNDECLARED_SELECTOR = YES;
				GCC_WARN_UNINITIALIZED_AUTOS = YES_AGGRESSIVE;
				GCC_WARN_UNUSED_FUNCTION = YES;
				GCC_WARN_UNUSED_VARIABLE = YES;
				IPHONEOS_DEPLOYMENT_TARGET = 17.0;
				LOCALIZATION_PREFERS_STRING_CATALOGS = YES;
				MTL_ENABLE_DEBUG_INFO = INCLUDE_SOURCE;
				MTL_FAST_MATH = YES;
				ONLY_ACTIVE_ARCH = YES;
				SDKROOT = iphoneos;
				SWIFT_ACTIVE_COMPILATION_CONDITIONS = "DEBUG $(inherited)";
				SWIFT_OPTIMIZATION_LEVEL = "-Onone";
			};
			name = Debug;
		};
		FB36301F2AE55936008D9C0E /* Release */ = {
			isa = XCBuildConfiguration;
			buildSettings = {
				ALWAYS_SEARCH_USER_PATHS = NO;
				ASSETCATALOG_COMPILER_GENERATE_SWIFT_ASSET_SYMBOL_EXTENSIONS = YES;
				CLANG_ANALYZER_NONNULL = YES;
				CLANG_ANALYZER_NUMBER_OBJECT_CONVERSION = YES_AGGRESSIVE;
				CLANG_CXX_LANGUAGE_STANDARD = "gnu++20";
				CLANG_ENABLE_MODULES = YES;
				CLANG_ENABLE_OBJC_ARC = YES;
				CLANG_ENABLE_OBJC_WEAK = YES;
				CLANG_WARN_BLOCK_CAPTURE_AUTORELEASING = YES;
				CLANG_WARN_BOOL_CONVERSION = YES;
				CLANG_WARN_COMMA = YES;
				CLANG_WARN_CONSTANT_CONVERSION = YES;
				CLANG_WARN_DEPRECATED_OBJC_IMPLEMENTATIONS = YES;
				CLANG_WARN_DIRECT_OBJC_ISA_USAGE = YES_ERROR;
				CLANG_WARN_DOCUMENTATION_COMMENTS = YES;
				CLANG_WARN_EMPTY_BODY = YES;
				CLANG_WARN_ENUM_CONVERSION = YES;
				CLANG_WARN_INFINITE_RECURSION = YES;
				CLANG_WARN_INT_CONVERSION = YES;
				CLANG_WARN_NON_LITERAL_NULL_CONVERSION = YES;
				CLANG_WARN_OBJC_IMPLICIT_RETAIN_SELF = YES;
				CLANG_WARN_OBJC_LITERAL_CONVERSION = YES;
				CLANG_WARN_OBJC_ROOT_CLASS = YES_ERROR;
				CLANG_WARN_QUOTED_INCLUDE_IN_FRAMEWORK_HEADER = YES;
				CLANG_WARN_RANGE_LOOP_ANALYSIS = YES;
				CLANG_WARN_STRICT_PROTOTYPES = YES;
				CLANG_WARN_SUSPICIOUS_MOVE = YES;
				CLANG_WARN_UNGUARDED_AVAILABILITY = YES_AGGRESSIVE;
				CLANG_WARN_UNREACHABLE_CODE = YES;
				CLANG_WARN__DUPLICATE_METHOD_MATCH = YES;
				COPY_PHASE_STRIP = NO;
				DEBUG_INFORMATION_FORMAT = "dwarf-with-dsym";
				ENABLE_NS_ASSERTIONS = NO;
				ENABLE_STRICT_OBJC_MSGSEND = YES;
				ENABLE_USER_SCRIPT_SANDBOXING = YES;
				GCC_C_LANGUAGE_STANDARD = gnu17;
				GCC_NO_COMMON_BLOCKS = YES;
				GCC_WARN_64_TO_32_BIT_CONVERSION = YES;
				GCC_WARN_ABOUT_RETURN_TYPE = YES_ERROR;
				GCC_WARN_UNDECLARED_SELECTOR = YES;
				GCC_WARN_UNINITIALIZED_AUTOS = YES_AGGRESSIVE;
				GCC_WARN_UNUSED_FUNCTION = YES;
				GCC_WARN_UNUSED_VARIABLE = YES;
				IPHONEOS_DEPLOYMENT_TARGET = 17.0;
				LOCALIZATION_PREFERS_STRING_CATALOGS = YES;
				MTL_ENABLE_DEBUG_INFO = NO;
				MTL_FAST_MATH = YES;
				SDKROOT = iphoneos;
				SWIFT_COMPILATION_MODE = wholemodule;
				VALIDATE_PRODUCT = YES;
			};
			name = Release;
		};
		FB3630212AE55936008D9C0E /* Debug */ = {
			isa = XCBuildConfiguration;
			baseConfigurationReference = F29DEBFD955EA7244F88D67B /* Pods-SnapchatClone.debug.xcconfig */;
			buildSettings = {
				ASSETCATALOG_COMPILER_APPICON_NAME = AppIcon;
				ASSETCATALOG_COMPILER_GLOBAL_ACCENT_COLOR_NAME = AccentColor;
				CODE_SIGN_STYLE = Automatic;
				CURRENT_PROJECT_VERSION = 1;
				DEVELOPMENT_TEAM = PMF2KU876W;
				ENABLE_USER_SCRIPT_SANDBOXING = NO;
				GENERATE_INFOPLIST_FILE = YES;
				INFOPLIST_FILE = SnapchatClone/Info.plist;
				INFOPLIST_KEY_UIApplicationSupportsIndirectInputEvents = YES;
				INFOPLIST_KEY_UILaunchStoryboardName = LaunchScreen;
				INFOPLIST_KEY_UIMainStoryboardFile = Main;
				INFOPLIST_KEY_UISupportedInterfaceOrientations_iPad = "UIInterfaceOrientationPortrait UIInterfaceOrientationPortraitUpsideDown UIInterfaceOrientationLandscapeLeft UIInterfaceOrientationLandscapeRight";
				INFOPLIST_KEY_UISupportedInterfaceOrientations_iPhone = "UIInterfaceOrientationPortrait UIInterfaceOrientationLandscapeLeft UIInterfaceOrientationLandscapeRight";
				LD_RUNPATH_SEARCH_PATHS = (
					"$(inherited)",
					"@executable_path/Frameworks",
				);
				MARKETING_VERSION = 1.0;
				PRODUCT_BUNDLE_IDENTIFIER = com.mertozan.SnapchatClone;
				PRODUCT_NAME = "$(TARGET_NAME)";
				SWIFT_EMIT_LOC_STRINGS = YES;
				SWIFT_VERSION = 5.0;
				TARGETED_DEVICE_FAMILY = "1,2";
			};
			name = Debug;
		};
		FB3630222AE55936008D9C0E /* Release */ = {
			isa = XCBuildConfiguration;
			baseConfigurationReference = 52D6DCA578D63C47587A3F66 /* Pods-SnapchatClone.release.xcconfig */;
			buildSettings = {
				ASSETCATALOG_COMPILER_APPICON_NAME = AppIcon;
				ASSETCATALOG_COMPILER_GLOBAL_ACCENT_COLOR_NAME = AccentColor;
				CODE_SIGN_STYLE = Automatic;
				CURRENT_PROJECT_VERSION = 1;
				DEVELOPMENT_TEAM = PMF2KU876W;
				ENABLE_USER_SCRIPT_SANDBOXING = NO;
				GENERATE_INFOPLIST_FILE = YES;
				INFOPLIST_FILE = SnapchatClone/Info.plist;
				INFOPLIST_KEY_UIApplicationSupportsIndirectInputEvents = YES;
				INFOPLIST_KEY_UILaunchStoryboardName = LaunchScreen;
				INFOPLIST_KEY_UIMainStoryboardFile = Main;
				INFOPLIST_KEY_UISupportedInterfaceOrientations_iPad = "UIInterfaceOrientationPortrait UIInterfaceOrientationPortraitUpsideDown UIInterfaceOrientationLandscapeLeft UIInterfaceOrientationLandscapeRight";
				INFOPLIST_KEY_UISupportedInterfaceOrientations_iPhone = "UIInterfaceOrientationPortrait UIInterfaceOrientationLandscapeLeft UIInterfaceOrientationLandscapeRight";
				LD_RUNPATH_SEARCH_PATHS = (
					"$(inherited)",
					"@executable_path/Frameworks",
				);
				MARKETING_VERSION = 1.0;
				PRODUCT_BUNDLE_IDENTIFIER = com.mertozan.SnapchatClone;
				PRODUCT_NAME = "$(TARGET_NAME)";
				SWIFT_EMIT_LOC_STRINGS = YES;
				SWIFT_VERSION = 5.0;
				TARGETED_DEVICE_FAMILY = "1,2";
			};
			name = Release;
		};
/* End XCBuildConfiguration section */

/* Begin XCConfigurationList section */
		FB3630072AE55935008D9C0E /* Build configuration list for PBXProject "SnapchatClone" */ = {
			isa = XCConfigurationList;
			buildConfigurations = (
				FB36301E2AE55936008D9C0E /* Debug */,
				FB36301F2AE55936008D9C0E /* Release */,
			);
			defaultConfigurationIsVisible = 0;
			defaultConfigurationName = Release;
		};
		FB3630202AE55936008D9C0E /* Build configuration list for PBXNativeTarget "SnapchatClone" */ = {
			isa = XCConfigurationList;
			buildConfigurations = (
				FB3630212AE55936008D9C0E /* Debug */,
				FB3630222AE55936008D9C0E /* Release */,
			);
			defaultConfigurationIsVisible = 0;
			defaultConfigurationName = Release;
		};
/* End XCConfigurationList section */
	};
	rootObject = FB3630042AE55935008D9C0E /* Project object */;
}
